
Microsoft Visual Studio Solution File, Format Version 12.00
# Visual Studio 15
VisualStudioVersion = 15.0.28307.168
MinimumVisualStudioVersion = 10.0.40219.1
Project("{9A19103F-16F7-4668-BE54-9A1E7A4F7556}") = "FirstAgent", "FirstAgent\FirstAgent.csproj", "{6B6BBFA5-35F6-4064-9554-2466CC55563F}"
EndProject
Global
	GlobalSection(SolutionConfigurationPlatforms) = preSolution
		Debug|Any CPU = Debug|Any CPU
		Release|Any CPU = Release|Any CPU
	EndGlobalSection
	GlobalSection(ProjectConfigurationPlatforms) = postSolution
		{6B6BBFA5-35F6-4064-9554-2466CC55563F}.Debug|Any CPU.ActiveCfg = Debug|Any CPU
		{6B6BBFA5-35F6-4064-9554-2466CC55563F}.Debug|Any CPU.Build.0 = Debug|Any CPU
		{6B6BBFA5-35F6-4064-9554-2466CC55563F}.Release|Any CPU.ActiveCfg = Release|Any CPU
		{6B6BBFA5-35F6-4064-9554-2466CC55563F}.Release|Any CPU.Build.0 = Release|Any CPU
	EndGlobalSection
	GlobalSection(SolutionProperties) = preSolution
		HideSolutionNode = FALSE
	EndGlobalSection
	GlobalSection(ExtensibilityGlobals) = postSolution
		SolutionGuid = {DE7A9811-12CB-4141-ADFA-9F3D38DCDDB3}
	EndGlobalSection
EndGlobal
